
Microsoft Visual Studio Solution File, Format Version 12.00
# Visual Studio 14
VisualStudioVersion = 14.0.24720.0
MinimumVisualStudioVersion = 10.0.40219.1
Project("{FAE04EC0-301F-11D3-BF4B-00C04F79EFBC}") = "Afx.Common", "Source\Afx.net\Afx.Common\Afx.Common.csproj", "{EE358D37-3303-4AD2-8357-CE13449AD210}"
EndProject
Project("{FAE04EC0-301F-11D3-BF4B-00C04F79EFBC}") = "UnitTests", "Source\Testing\UnitTests\UnitTests.csproj", "{441A0DA4-DE00-438D-95D9-96ED0B5FFB4B}"
EndProject
Project("{FAE04EC0-301F-11D3-BF4B-00C04F79EFBC}") = "Testing.Common", "Source\Testing\Testing.Common\Testing.Common.csproj", "{C233B44B-B31A-4C6C-B949-BA9CC64678FB}"
EndProject
Project("{FAE04EC0-301F-11D3-BF4B-00C04F79EFBC}") = "Testing", "Source\Testing\Testing\Testing.csproj", "{E0696700-937F-4E94-9451-C6F7FA5243D9}"
EndProject
Project("{FAE04EC0-301F-11D3-BF4B-00C04F79EFBC}") = "Afx.Common.NuGet", "Source\NuGet\Afx.Common.NuGet\Afx.Common.NuGet.csproj", "{0451BAEF-DF2E-4B98-8644-94EE9415E389}"
EndProject
Project("{FAE04EC0-301F-11D3-BF4B-00C04F79EFBC}") = "Testing.Wpf", "Source\Testing\Testing.Wpf\Testing.Wpf.csproj", "{34162063-AD1C-46C7-BE26-5CCFE3B7196F}"
EndProject
Project("{FAE04EC0-301F-11D3-BF4B-00C04F79EFBC}") = "Afx.ServiceModel", "Source\Afx.net\Afx.ServiceModel\Afx.ServiceModel.csproj", "{F1F15C83-B726-4F88-B22E-1D71D6A2C181}"
EndProject
Project("{FAE04EC0-301F-11D3-BF4B-00C04F79EFBC}") = "Testing.Service", "Source\Testing\Testing.Service\Testing.Service.csproj", "{94FF0E09-D5A4-4A54-BA29-B6EB1A0AB189}"
EndProject
Project("{FAE04EC0-301F-11D3-BF4B-00C04F79EFBC}") = "Testing.ServiceHost", "Source\Testing\Testing.ServiceHost\Testing.ServiceHost.csproj", "{B0481818-C0D5-4FCD-9554-A6AFA50BF234}"
EndProject
Project("{FAE04EC0-301F-11D3-BF4B-00C04F79EFBC}") = "Afx.Data", "Source\Afx.net\Afx.Data\Afx.Data.csproj", "{3528547F-DB4A-4770-8550-5F3D234D46F3}"
EndProject
Project("{FAE04EC0-301F-11D3-BF4B-00C04F79EFBC}") = "Afx.Data.MsSql", "Source\Afx.net\Afx.Data.MsSql\Afx.Data.MsSql.csproj", "{EED4414B-E515-4EDF-877F-8EA2F5D88751}"
EndProject
Project("{FAE04EC0-301F-11D3-BF4B-00C04F79EFBC}") = "Afx.Infrastructure.Common", "Source\Afx.net\Afx.Infrastructure.Common\Afx.Infrastructure.Common.csproj", "{3BED78A5-7C1A-41A7-B9B4-45BCC1D96B2F}"
EndProject
Project("{2150E333-8FDC-42A3-9474-1A3956D46DE8}") = "Vsix", "Vsix", "{5CAC19F8-BF24-470D-AA0F-34396268B1AF}"
EndProject
Project("{FAE04EC0-301F-11D3-BF4B-00C04F79EFBC}") = "Afx.vsix", "Source\Vsix\Afx.vsix\Afx.vsix.csproj", "{BEBDA0C9-9460-4146-9527-D38FCD6448E5}"
EndProject
Project("{FAE04EC0-301F-11D3-BF4B-00C04F79EFBC}") = "ClassLibrary", "Source\Vsix\ClassLibrary\ClassLibrary.csproj", "{4995FA44-3300-442F-B984-05ACC004BE97}"
EndProject
Project("{2150E333-8FDC-42A3-9474-1A3956D46DE8}") = "NuGet", "NuGet", "{AD226678-EAD1-4934-BA85-3B5193231967}"
EndProject
Project("{2150E333-8FDC-42A3-9474-1A3956D46DE8}") = "Afx.net", "Afx.net", "{6B6664FE-C6F3-43E1-BB23-64F5678FBE35}"
EndProject
Project("{2150E333-8FDC-42A3-9474-1A3956D46DE8}") = "Testing", "Testing", "{9CF166FF-4C17-4372-8094-20CC6D2C5C01}"
EndProject
Project("{FAE04EC0-301F-11D3-BF4B-00C04F79EFBC}") = "Afx.ServiceModel.NuGet", "Source\NuGet\Afx.ServiceModel.NuGet\Afx.ServiceModel.NuGet.csproj", "{B53A2C91-D336-46B2-80BF-1DD6FBC9041F}"
EndProject
Project("{FAE04EC0-301F-11D3-BF4B-00C04F79EFBC}") = "ServiceLibrary", "Source\Vsix\ServiceLibrary\ServiceLibrary.csproj", "{806A4419-9DDD-4C2F-A667-959503AE4B51}"
EndProject
Project("{FAE04EC0-301F-11D3-BF4B-00C04F79EFBC}") = "Afx.Infrastructure.Service", "Source\Afx.net\Afx.Infrastructure.Service\Afx.Infrastructure.Service.csproj", "{5C72F3D3-B3D9-4E1F-85EF-B3B62B02DB53}"
EndProject
Global
	GlobalSection(SolutionConfigurationPlatforms) = preSolution
		Debug|Any CPU = Debug|Any CPU
		Release|Any CPU = Release|Any CPU
	EndGlobalSection
	GlobalSection(ProjectConfigurationPlatforms) = postSolution
		{EE358D37-3303-4AD2-8357-CE13449AD210}.Debug|Any CPU.ActiveCfg = Debug|Any CPU
		{EE358D37-3303-4AD2-8357-CE13449AD210}.Debug|Any CPU.Build.0 = Debug|Any CPU
		{EE358D37-3303-4AD2-8357-CE13449AD210}.Release|Any CPU.ActiveCfg = Release|Any CPU
		{EE358D37-3303-4AD2-8357-CE13449AD210}.Release|Any CPU.Build.0 = Release|Any CPU
		{441A0DA4-DE00-438D-95D9-96ED0B5FFB4B}.Debug|Any CPU.ActiveCfg = Debug|Any CPU
		{441A0DA4-DE00-438D-95D9-96ED0B5FFB4B}.Debug|Any CPU.Build.0 = Debug|Any CPU
		{441A0DA4-DE00-438D-95D9-96ED0B5FFB4B}.Release|Any CPU.ActiveCfg = Release|Any CPU
		{441A0DA4-DE00-438D-95D9-96ED0B5FFB4B}.Release|Any CPU.Build.0 = Release|Any CPU
		{C233B44B-B31A-4C6C-B949-BA9CC64678FB}.Debug|Any CPU.ActiveCfg = Debug|Any CPU
		{C233B44B-B31A-4C6C-B949-BA9CC64678FB}.Debug|Any CPU.Build.0 = Debug|Any CPU
		{C233B44B-B31A-4C6C-B949-BA9CC64678FB}.Release|Any CPU.ActiveCfg = Release|Any CPU
		{C233B44B-B31A-4C6C-B949-BA9CC64678FB}.Release|Any CPU.Build.0 = Release|Any CPU
		{E0696700-937F-4E94-9451-C6F7FA5243D9}.Debug|Any CPU.ActiveCfg = Debug|Any CPU
		{E0696700-937F-4E94-9451-C6F7FA5243D9}.Debug|Any CPU.Build.0 = Debug|Any CPU
		{E0696700-937F-4E94-9451-C6F7FA5243D9}.Release|Any CPU.ActiveCfg = Release|Any CPU
		{E0696700-937F-4E94-9451-C6F7FA5243D9}.Release|Any CPU.Build.0 = Release|Any CPU
		{0451BAEF-DF2E-4B98-8644-94EE9415E389}.Debug|Any CPU.ActiveCfg = Debug|Any CPU
		{0451BAEF-DF2E-4B98-8644-94EE9415E389}.Debug|Any CPU.Build.0 = Debug|Any CPU
		{0451BAEF-DF2E-4B98-8644-94EE9415E389}.Release|Any CPU.ActiveCfg = Release|Any CPU
		{0451BAEF-DF2E-4B98-8644-94EE9415E389}.Release|Any CPU.Build.0 = Release|Any CPU
		{34162063-AD1C-46C7-BE26-5CCFE3B7196F}.Debug|Any CPU.ActiveCfg = Debug|Any CPU
		{34162063-AD1C-46C7-BE26-5CCFE3B7196F}.Debug|Any CPU.Build.0 = Debug|Any CPU
		{34162063-AD1C-46C7-BE26-5CCFE3B7196F}.Release|Any CPU.ActiveCfg = Release|Any CPU
		{34162063-AD1C-46C7-BE26-5CCFE3B7196F}.Release|Any CPU.Build.0 = Release|Any CPU
		{F1F15C83-B726-4F88-B22E-1D71D6A2C181}.Debug|Any CPU.ActiveCfg = Debug|Any CPU
		{F1F15C83-B726-4F88-B22E-1D71D6A2C181}.Debug|Any CPU.Build.0 = Debug|Any CPU
		{F1F15C83-B726-4F88-B22E-1D71D6A2C181}.Release|Any CPU.ActiveCfg = Release|Any CPU
		{F1F15C83-B726-4F88-B22E-1D71D6A2C181}.Release|Any CPU.Build.0 = Release|Any CPU
		{94FF0E09-D5A4-4A54-BA29-B6EB1A0AB189}.Debug|Any CPU.ActiveCfg = Debug|Any CPU
		{94FF0E09-D5A4-4A54-BA29-B6EB1A0AB189}.Debug|Any CPU.Build.0 = Debug|Any CPU
		{94FF0E09-D5A4-4A54-BA29-B6EB1A0AB189}.Release|Any CPU.ActiveCfg = Release|Any CPU
		{94FF0E09-D5A4-4A54-BA29-B6EB1A0AB189}.Release|Any CPU.Build.0 = Release|Any CPU
		{B0481818-C0D5-4FCD-9554-A6AFA50BF234}.Debug|Any CPU.ActiveCfg = Debug|Any CPU
		{B0481818-C0D5-4FCD-9554-A6AFA50BF234}.Debug|Any CPU.Build.0 = Debug|Any CPU
		{B0481818-C0D5-4FCD-9554-A6AFA50BF234}.Release|Any CPU.ActiveCfg = Release|Any CPU
		{B0481818-C0D5-4FCD-9554-A6AFA50BF234}.Release|Any CPU.Build.0 = Release|Any CPU
		{3528547F-DB4A-4770-8550-5F3D234D46F3}.Debug|Any CPU.ActiveCfg = Debug|Any CPU
		{3528547F-DB4A-4770-8550-5F3D234D46F3}.Debug|Any CPU.Build.0 = Debug|Any CPU
		{3528547F-DB4A-4770-8550-5F3D234D46F3}.Release|Any CPU.ActiveCfg = Release|Any CPU
		{3528547F-DB4A-4770-8550-5F3D234D46F3}.Release|Any CPU.Build.0 = Release|Any CPU
		{EED4414B-E515-4EDF-877F-8EA2F5D88751}.Debug|Any CPU.ActiveCfg = Debug|Any CPU
		{EED4414B-E515-4EDF-877F-8EA2F5D88751}.Debug|Any CPU.Build.0 = Debug|Any CPU
		{EED4414B-E515-4EDF-877F-8EA2F5D88751}.Release|Any CPU.ActiveCfg = Release|Any CPU
		{EED4414B-E515-4EDF-877F-8EA2F5D88751}.Release|Any CPU.Build.0 = Release|Any CPU
		{3BED78A5-7C1A-41A7-B9B4-45BCC1D96B2F}.Debug|Any CPU.ActiveCfg = Debug|Any CPU
		{3BED78A5-7C1A-41A7-B9B4-45BCC1D96B2F}.Debug|Any CPU.Build.0 = Debug|Any CPU
		{3BED78A5-7C1A-41A7-B9B4-45BCC1D96B2F}.Release|Any CPU.ActiveCfg = Release|Any CPU
		{3BED78A5-7C1A-41A7-B9B4-45BCC1D96B2F}.Release|Any CPU.Build.0 = Release|Any CPU
		{BEBDA0C9-9460-4146-9527-D38FCD6448E5}.Debug|Any CPU.ActiveCfg = Debug|Any CPU
		{BEBDA0C9-9460-4146-9527-D38FCD6448E5}.Debug|Any CPU.Build.0 = Debug|Any CPU
		{BEBDA0C9-9460-4146-9527-D38FCD6448E5}.Release|Any CPU.ActiveCfg = Release|Any CPU
		{BEBDA0C9-9460-4146-9527-D38FCD6448E5}.Release|Any CPU.Build.0 = Release|Any CPU
		{4995FA44-3300-442F-B984-05ACC004BE97}.Debug|Any CPU.ActiveCfg = Debug|Any CPU
		{4995FA44-3300-442F-B984-05ACC004BE97}.Debug|Any CPU.Build.0 = Debug|Any CPU
		{4995FA44-3300-442F-B984-05ACC004BE97}.Release|Any CPU.ActiveCfg = Release|Any CPU
		{4995FA44-3300-442F-B984-05ACC004BE97}.Release|Any CPU.Build.0 = Release|Any CPU
		{B53A2C91-D336-46B2-80BF-1DD6FBC9041F}.Debug|Any CPU.ActiveCfg = Debug|Any CPU
		{B53A2C91-D336-46B2-80BF-1DD6FBC9041F}.Debug|Any CPU.Build.0 = Debug|Any CPU
		{B53A2C91-D336-46B2-80BF-1DD6FBC9041F}.Release|Any CPU.ActiveCfg = Release|Any CPU
		{B53A2C91-D336-46B2-80BF-1DD6FBC9041F}.Release|Any CPU.Build.0 = Release|Any CPU
		{806A4419-9DDD-4C2F-A667-959503AE4B51}.Debug|Any CPU.ActiveCfg = Debug|Any CPU
		{806A4419-9DDD-4C2F-A667-959503AE4B51}.Debug|Any CPU.Build.0 = Debug|Any CPU
		{806A4419-9DDD-4C2F-A667-959503AE4B51}.Release|Any CPU.ActiveCfg = Release|Any CPU
		{806A4419-9DDD-4C2F-A667-959503AE4B51}.Release|Any CPU.Build.0 = Release|Any CPU
		{5C72F3D3-B3D9-4E1F-85EF-B3B62B02DB53}.Debug|Any CPU.ActiveCfg = Debug|Any CPU
		{5C72F3D3-B3D9-4E1F-85EF-B3B62B02DB53}.Debug|Any CPU.Build.0 = Debug|Any CPU
		{5C72F3D3-B3D9-4E1F-85EF-B3B62B02DB53}.Release|Any CPU.ActiveCfg = Release|Any CPU
		{5C72F3D3-B3D9-4E1F-85EF-B3B62B02DB53}.Release|Any CPU.Build.0 = Release|Any CPU
	EndGlobalSection
	GlobalSection(SolutionProperties) = preSolution
		HideSolutionNode = FALSE
	EndGlobalSection
	GlobalSection(NestedProjects) = preSolution
		{EE358D37-3303-4AD2-8357-CE13449AD210} = {6B6664FE-C6F3-43E1-BB23-64F5678FBE35}
		{441A0DA4-DE00-438D-95D9-96ED0B5FFB4B} = {9CF166FF-4C17-4372-8094-20CC6D2C5C01}
		{C233B44B-B31A-4C6C-B949-BA9CC64678FB} = {9CF166FF-4C17-4372-8094-20CC6D2C5C01}
		{E0696700-937F-4E94-9451-C6F7FA5243D9} = {9CF166FF-4C17-4372-8094-20CC6D2C5C01}
		{0451BAEF-DF2E-4B98-8644-94EE9415E389} = {AD226678-EAD1-4934-BA85-3B5193231967}
		{34162063-AD1C-46C7-BE26-5CCFE3B7196F} = {9CF166FF-4C17-4372-8094-20CC6D2C5C01}
		{F1F15C83-B726-4F88-B22E-1D71D6A2C181} = {6B6664FE-C6F3-43E1-BB23-64F5678FBE35}
		{94FF0E09-D5A4-4A54-BA29-B6EB1A0AB189} = {9CF166FF-4C17-4372-8094-20CC6D2C5C01}
		{B0481818-C0D5-4FCD-9554-A6AFA50BF234} = {9CF166FF-4C17-4372-8094-20CC6D2C5C01}
		{3528547F-DB4A-4770-8550-5F3D234D46F3} = {6B6664FE-C6F3-43E1-BB23-64F5678FBE35}
		{EED4414B-E515-4EDF-877F-8EA2F5D88751} = {6B6664FE-C6F3-43E1-BB23-64F5678FBE35}
		{3BED78A5-7C1A-41A7-B9B4-45BCC1D96B2F} = {6B6664FE-C6F3-43E1-BB23-64F5678FBE35}
		{BEBDA0C9-9460-4146-9527-D38FCD6448E5} = {5CAC19F8-BF24-470D-AA0F-34396268B1AF}
		{4995FA44-3300-442F-B984-05ACC004BE97} = {5CAC19F8-BF24-470D-AA0F-34396268B1AF}
		{B53A2C91-D336-46B2-80BF-1DD6FBC9041F} = {AD226678-EAD1-4934-BA85-3B5193231967}
		{806A4419-9DDD-4C2F-A667-959503AE4B51} = {5CAC19F8-BF24-470D-AA0F-34396268B1AF}
		{5C72F3D3-B3D9-4E1F-85EF-B3B62B02DB53} = {6B6664FE-C6F3-43E1-BB23-64F5678FBE35}
	EndGlobalSection
EndGlobal
